// !$*UTF8*$!
{
	archiveVersion = 1;
	classes = {
	};
	objectVersion = 46;
	objects = {

/* Begin PBXBuildFile section */
		AFB657181B2FEDF100C6AFE2 /* Character.m in Sources */ = {isa = PBXBuildFile; fileRef = AFB657171B2FEDF100C6AFE2 /* Character.m */; };
		AFB657221B2FF11300C6AFE2 /* hero-back-a@2x.png in Resources */ = {isa = PBXBuildFile; fileRef = AFB6571A1B2FF11300C6AFE2 /* hero-back-a@2x.png */; };
		AFB657231B2FF11300C6AFE2 /* hero-back-b@2x.png in Resources */ = {isa = PBXBuildFile; fileRef = AFB6571B1B2FF11300C6AFE2 /* hero-back-b@2x.png */; };
		AFB657241B2FF11300C6AFE2 /* hero-front-a@2x.png in Resources */ = {isa = PBXBuildFile; fileRef = AFB6571C1B2FF11300C6AFE2 /* hero-front-a@2x.png */; };
		AFB657251B2FF11300C6AFE2 /* hero-front-b@2x.png in Resources */ = {isa = PBXBuildFile; fileRef = AFB6571D1B2FF11300C6AFE2 /* hero-front-b@2x.png */; };
		AFB657261B2FF11300C6AFE2 /* hero-left-a@2x.png in Resources */ = {isa = PBXBuildFile; fileRef = AFB6571E1B2FF11300C6AFE2 /* hero-left-a@2x.png */; };
		AFB657271B2FF11300C6AFE2 /* hero-left-b@2x.png in Resources */ = {isa = PBXBuildFile; fileRef = AFB6571F1B2FF11300C6AFE2 /* hero-left-b@2x.png */; };
		AFB657281B2FF11300C6AFE2 /* hero-right-a@2x.png in Resources */ = {isa = PBXBuildFile; fileRef = AFB657201B2FF11300C6AFE2 /* hero-right-a@2x.png */; };
		AFB657291B2FF11300C6AFE2 /* hero-right-b@2x.png in Resources */ = {isa = PBXBuildFile; fileRef = AFB657211B2FF11300C6AFE2 /* hero-right-b@2x.png */; };
		AFB6586F1B3D215800C6AFE2 /* HUTransitionAnimator.m in Sources */ = {isa = PBXBuildFile; fileRef = AFB6584D1B3D215700C6AFE2 /* HUTransitionAnimator.m */; };
		AFB658701B3D215800C6AFE2 /* HUTransitionGhostAnimator.m in Sources */ = {isa = PBXBuildFile; fileRef = AFB6584F1B3D215700C6AFE2 /* HUTransitionGhostAnimator.m */; };
		AFB658711B3D215800C6AFE2 /* HUTransitionHorizontalLinesAnimator.m in Sources */ = {isa = PBXBuildFile; fileRef = AFB658511B3D215700C6AFE2 /* HUTransitionHorizontalLinesAnimator.m */; };
		AFB658721B3D215800C6AFE2 /* HUTransitionVerticalLinesAnimator.m in Sources */ = {isa = PBXBuildFile; fileRef = AFB658531B3D215700C6AFE2 /* HUTransitionVerticalLinesAnimator.m */; };
		AFB658731B3D215800C6AFE2 /* Main_iPad.storyboard in Resources */ = {isa = PBXBuildFile; fileRef = AFB658551B3D215700C6AFE2 /* Main_iPad.storyboard */; };
		AFB658741B3D215800C6AFE2 /* Main_iPhone.storyboard in Resources */ = {isa = PBXBuildFile; fileRef = AFB658571B3D215700C6AFE2 /* Main_iPhone.storyboard */; };
		AFB658751B3D215800C6AFE2 /* bikesign.jpg in Resources */ = {isa = PBXBuildFile; fileRef = AFB658591B3D215700C6AFE2 /* bikesign.jpg */; };
		AFB658761B3D215800C6AFE2 /* InfoPlist.strings in Resources */ = {isa = PBXBuildFile; fileRef = AFB6585A1B3D215700C6AFE2 /* InfoPlist.strings */; };
		AFB658771B3D215800C6AFE2 /* HUAnimatorDemo-Info.plist in Resources */ = {isa = PBXBuildFile; fileRef = AFB6585C1B3D215700C6AFE2 /* HUAnimatorDemo-Info.plist */; };
		AFB658781B3D215800C6AFE2 /* HUAppDelegate.m in Sources */ = {isa = PBXBuildFile; fileRef = AFB6585F1B3D215700C6AFE2 /* HUAppDelegate.m */; };
		AFB658791B3D215800C6AFE2 /* HUViewController.m in Sources */ = {isa = PBXBuildFile; fileRef = AFB658611B3D215700C6AFE2 /* HUViewController.m */; };
		AFB6587A1B3D215800C6AFE2 /* Images.xcassets in Resources */ = {isa = PBXBuildFile; fileRef = AFB658621B3D215700C6AFE2 /* Images.xcassets */; };
		AFB6587B1B3D215800C6AFE2 /* main.m in Sources */ = {isa = PBXBuildFile; fileRef = AFB658631B3D215700C6AFE2 /* main.m */; };
		AFB6587C1B3D215800C6AFE2 /* toilet.jpg in Resources */ = {isa = PBXBuildFile; fileRef = AFB658641B3D215700C6AFE2 /* toilet.jpg */; };
		AFB6587D1B3D215800C6AFE2 /* InfoPlist.strings in Resources */ = {isa = PBXBuildFile; fileRef = AFB658691B3D215800C6AFE2 /* InfoPlist.strings */; };
		AFB6587E1B3D215800C6AFE2 /* HUAnimatorDemoTests-Info.plist in Resources */ = {isa = PBXBuildFile; fileRef = AFB6586B1B3D215800C6AFE2 /* HUAnimatorDemoTests-Info.plist */; };
		AFB6587F1B3D215800C6AFE2 /* HUAnimatorDemoTests.m in Sources */ = {isa = PBXBuildFile; fileRef = AFB6586C1B3D215800C6AFE2 /* HUAnimatorDemoTests.m */; };
		AFB658801B3D215800C6AFE2 /* README.md in Sources */ = {isa = PBXBuildFile; fileRef = AFB6586D1B3D215800C6AFE2 /* README.md */; };
		AFB658811B3D215800C6AFE2 /* UNLICENSE.txt in Resources */ = {isa = PBXBuildFile; fileRef = AFB6586E1B3D215800C6AFE2 /* UNLICENSE.txt */; };
		AFD48D961B2D41E2001A6C97 /* main.m in Sources */ = {isa = PBXBuildFile; fileRef = AFD48D951B2D41E2001A6C97 /* main.m */; };
		AFD48D991B2D41E2001A6C97 /* AppDelegate.m in Sources */ = {isa = PBXBuildFile; fileRef = AFD48D981B2D41E2001A6C97 /* AppDelegate.m */; };
		AFD48D9C1B2D41E2001A6C97 /* ViewController.m in Sources */ = {isa = PBXBuildFile; fileRef = AFD48D9B1B2D41E2001A6C97 /* ViewController.m */; };
		AFD48D9F1B2D41E2001A6C97 /* Main.storyboard in Resources */ = {isa = PBXBuildFile; fileRef = AFD48D9D1B2D41E2001A6C97 /* Main.storyboard */; };
		AFD48DA11B2D41E2001A6C97 /* Images.xcassets in Resources */ = {isa = PBXBuildFile; fileRef = AFD48DA01B2D41E2001A6C97 /* Images.xcassets */; };
		AFD48DA41B2D41E2001A6C97 /* LaunchScreen.xib in Resources */ = {isa = PBXBuildFile; fileRef = AFD48DA21B2D41E2001A6C97 /* LaunchScreen.xib */; };
		AFD48DB01B2D41E2001A6C97 /* PockemonFieldTests.m in Sources */ = {isa = PBXBuildFile; fileRef = AFD48DAF1B2D41E2001A6C97 /* PockemonFieldTests.m */; };
		AFD48DBD1B2D4224001A6C97 /* Default-568h@2x.png in Resources */ = {isa = PBXBuildFile; fileRef = AFD48DBA1B2D4224001A6C97 /* Default-568h@2x.png */; };
		AFD48DBE1B2D4224001A6C97 /* Default-667h@2x.png in Resources */ = {isa = PBXBuildFile; fileRef = AFD48DBB1B2D4224001A6C97 /* Default-667h@2x.png */; };
		AFD48DBF1B2D4224001A6C97 /* Default-736h@3x.png in Resources */ = {isa = PBXBuildFile; fileRef = AFD48DBC1B2D4224001A6C97 /* Default-736h@3x.png */; };
		AFD48DC21B2D432F001A6C97 /* GameView.m in Sources */ = {isa = PBXBuildFile; fileRef = AFD48DC11B2D432F001A6C97 /* GameView.m */; };
		AFD48DC51B2D4E62001A6C97 /* weed@2x.png in Resources */ = {isa = PBXBuildFile; fileRef = AFD48DC41B2D4E62001A6C97 /* weed@2x.png */; };
		AFD48DC71B2D4F12001A6C97 /* tree@2x.png in Resources */ = {isa = PBXBuildFile; fileRef = AFD48DC61B2D4F12001A6C97 /* tree@2x.png */; };
/* End PBXBuildFile section */

/* Begin PBXContainerItemProxy section */
		AFB658841B3D215800C6AFE2 /* PBXContainerItemProxy */ = {
			isa = PBXContainerItemProxy;
			containerPortal = AFB658651B3D215700C6AFE2 /* HUAnimatorDemo.xcodeproj */;
			proxyType = 2;
			remoteGlobalIDString = AA34502817EB560000538433;
			remoteInfo = HUAnimatorDemo;
		};
		AFB658861B3D215800C6AFE2 /* PBXContainerItemProxy */ = {
			isa = PBXContainerItemProxy;
			containerPortal = AFB658651B3D215700C6AFE2 /* HUAnimatorDemo.xcodeproj */;
			proxyType = 2;
			remoteGlobalIDString = AA34504C17EB560000538433;
			remoteInfo = HUAnimatorDemoTests;
		};
		AFD48DAA1B2D41E2001A6C97 /* PBXContainerItemProxy */ = {
			isa = PBXContainerItemProxy;
			containerPortal = AFD48D881B2D41E2001A6C97 /* Project object */;
			proxyType = 1;
			remoteGlobalIDString = AFD48D8F1B2D41E2001A6C97;
			remoteInfo = PockemonField;
		};
/* End PBXContainerItemProxy section */

/* Begin PBXFileReference section */
		AFB657161B2FEDF100C6AFE2 /* Character.h */ = {isa = PBXFileReference; fileEncoding = 4; lastKnownFileType = sourcecode.c.h; path = Character.h; sourceTree = "<group>"; };
		AFB657171B2FEDF100C6AFE2 /* Character.m */ = {isa = PBXFileReference; fileEncoding = 4; lastKnownFileType = sourcecode.c.objc; path = Character.m; sourceTree = "<group>"; };
		AFB6571A1B2FF11300C6AFE2 /* hero-back-a@2x.png */ = {isa = PBXFileReference; lastKnownFileType = image.png; path = "hero-back-a@2x.png"; sourceTree = "<group>"; };
		AFB6571B1B2FF11300C6AFE2 /* hero-back-b@2x.png */ = {isa = PBXFileReference; lastKnownFileType = image.png; path = "hero-back-b@2x.png"; sourceTree = "<group>"; };
		AFB6571C1B2FF11300C6AFE2 /* hero-front-a@2x.png */ = {isa = PBXFileReference; lastKnownFileType = image.png; path = "hero-front-a@2x.png"; sourceTree = "<group>"; };
		AFB6571D1B2FF11300C6AFE2 /* hero-front-b@2x.png */ = {isa = PBXFileReference; lastKnownFileType = image.png; path = "hero-front-b@2x.png"; sourceTree = "<group>"; };
		AFB6571E1B2FF11300C6AFE2 /* hero-left-a@2x.png */ = {isa = PBXFileReference; lastKnownFileType = image.png; path = "hero-left-a@2x.png"; sourceTree = "<group>"; };
		AFB6571F1B2FF11300C6AFE2 /* hero-left-b@2x.png */ = {isa = PBXFileReference; lastKnownFileType = image.png; path = "hero-left-b@2x.png"; sourceTree = "<group>"; };
		AFB657201B2FF11300C6AFE2 /* hero-right-a@2x.png */ = {isa = PBXFileReference; lastKnownFileType = image.png; path = "hero-right-a@2x.png"; sourceTree = "<group>"; };
		AFB657211B2FF11300C6AFE2 /* hero-right-b@2x.png */ = {isa = PBXFileReference; lastKnownFileType = image.png; path = "hero-right-b@2x.png"; sourceTree = "<group>"; };
		AFB6584C1B3D215700C6AFE2 /* HUTransitionAnimator.h */ = {isa = PBXFileReference; fileEncoding = 4; lastKnownFileType = sourcecode.c.h; path = HUTransitionAnimator.h; sourceTree = "<group>"; };
		AFB6584D1B3D215700C6AFE2 /* HUTransitionAnimator.m */ = {isa = PBXFileReference; fileEncoding = 4; lastKnownFileType = sourcecode.c.objc; path = HUTransitionAnimator.m; sourceTree = "<group>"; };
		AFB6584E1B3D215700C6AFE2 /* HUTransitionGhostAnimator.h */ = {isa = PBXFileReference; fileEncoding = 4; lastKnownFileType = sourcecode.c.h; path = HUTransitionGhostAnimator.h; sourceTree = "<group>"; };
		AFB6584F1B3D215700C6AFE2 /* HUTransitionGhostAnimator.m */ = {isa = PBXFileReference; fileEncoding = 4; lastKnownFileType = sourcecode.c.objc; path = HUTransitionGhostAnimator.m; sourceTree = "<group>"; };
		AFB658501B3D215700C6AFE2 /* HUTransitionHorizontalLinesAnimator.h */ = {isa = PBXFileReference; fileEncoding = 4; lastKnownFileType = sourcecode.c.h; path = HUTransitionHorizontalLinesAnimator.h; sourceTree = "<group>"; };
		AFB658511B3D215700C6AFE2 /* HUTransitionHorizontalLinesAnimator.m */ = {isa = PBXFileReference; fileEncoding = 4; lastKnownFileType = sourcecode.c.objc; path = HUTransitionHorizontalLinesAnimator.m; sourceTree = "<group>"; };
		AFB658521B3D215700C6AFE2 /* HUTransitionVerticalLinesAnimator.h */ = {isa = PBXFileReference; fileEncoding = 4; lastKnownFileType = sourcecode.c.h; path = HUTransitionVerticalLinesAnimator.h; sourceTree = "<group>"; };
		AFB658531B3D215700C6AFE2 /* HUTransitionVerticalLinesAnimator.m */ = {isa = PBXFileReference; fileEncoding = 4; lastKnownFileType = sourcecode.c.objc; path = HUTransitionVerticalLinesAnimator.m; sourceTree = "<group>"; };
		AFB658561B3D215700C6AFE2 /* Base */ = {isa = PBXFileReference; lastKnownFileType = file.storyboard; name = Base; path = Base.lproj/Main_iPad.storyboard; sourceTree = "<group>"; };
		AFB658581B3D215700C6AFE2 /* Base */ = {isa = PBXFileReference; lastKnownFileType = file.storyboard; name = Base; path = Base.lproj/Main_iPhone.storyboard; sourceTree = "<group>"; };
		AFB658591B3D215700C6AFE2 /* bikesign.jpg */ = {isa = PBXFileReference; lastKnownFileType = image.jpeg; path = bikesign.jpg; sourceTree = "<group>"; };
		AFB6585B1B3D215700C6AFE2 /* en */ = {isa = PBXFileReference; lastKnownFileType = text.plist.strings; name = en; path = en.lproj/InfoPlist.strings; sourceTree = "<group>"; };
		AFB6585C1B3D215700C6AFE2 /* HUAnimatorDemo-Info.plist */ = {isa = PBXFileReference; fileEncoding = 4; lastKnownFileType = text.plist.xml; path = "HUAnimatorDemo-Info.plist"; sourceTree = "<group>"; };
		AFB6585D1B3D215700C6AFE2 /* HUAnimatorDemo-Prefix.pch */ = {isa = PBXFileReference; fileEncoding = 4; lastKnownFileType = sourcecode.c.h; path = "HUAnimatorDemo-Prefix.pch"; sourceTree = "<group>"; };
		AFB6585E1B3D215700C6AFE2 /* HUAppDelegate.h */ = {isa = PBXFileReference; fileEncoding = 4; lastKnownFileType = sourcecode.c.h; path = HUAppDelegate.h; sourceTree = "<group>"; };
		AFB6585F1B3D215700C6AFE2 /* HUAppDelegate.m */ = {isa = PBXFileReference; fileEncoding = 4; lastKnownFileType = sourcecode.c.objc; path = HUAppDelegate.m; sourceTree = "<group>"; };
		AFB658601B3D215700C6AFE2 /* HUViewController.h */ = {isa = PBXFileReference; fileEncoding = 4; lastKnownFileType = sourcecode.c.h; path = HUViewController.h; sourceTree = "<group>"; };
		AFB658611B3D215700C6AFE2 /* HUViewController.m */ = {isa = PBXFileReference; fileEncoding = 4; lastKnownFileType = sourcecode.c.objc; path = HUViewController.m; sourceTree = "<group>"; };
		AFB658621B3D215700C6AFE2 /* Images.xcassets */ = {isa = PBXFileReference; lastKnownFileType = folder.assetcatalog; path = Images.xcassets; sourceTree = "<group>"; };
		AFB658631B3D215700C6AFE2 /* main.m */ = {isa = PBXFileReference; fileEncoding = 4; lastKnownFileType = sourcecode.c.objc; path = main.m; sourceTree = "<group>"; };
		AFB658641B3D215700C6AFE2 /* toilet.jpg */ = {isa = PBXFileReference; lastKnownFileType = image.jpeg; path = toilet.jpg; sourceTree = "<group>"; };
		AFB658651B3D215700C6AFE2 /* HUAnimatorDemo.xcodeproj */ = {isa = PBXFileReference; lastKnownFileType = "wrapper.pb-project"; path = HUAnimatorDemo.xcodeproj; sourceTree = "<group>"; };
		AFB6586A1B3D215800C6AFE2 /* en */ = {isa = PBXFileReference; lastKnownFileType = text.plist.strings; name = en; path = en.lproj/InfoPlist.strings; sourceTree = "<group>"; };
		AFB6586B1B3D215800C6AFE2 /* HUAnimatorDemoTests-Info.plist */ = {isa = PBXFileReference; fileEncoding = 4; lastKnownFileType = text.plist.xml; path = "HUAnimatorDemoTests-Info.plist"; sourceTree = "<group>"; };
		AFB6586C1B3D215800C6AFE2 /* HUAnimatorDemoTests.m */ = {isa = PBXFileReference; fileEncoding = 4; lastKnownFileType = sourcecode.c.objc; path = HUAnimatorDemoTests.m; sourceTree = "<group>"; };
		AFB6586D1B3D215800C6AFE2 /* README.md */ = {isa = PBXFileReference; fileEncoding = 4; lastKnownFileType = net.daringfireball.markdown; path = README.md; sourceTree = "<group>"; };
		AFB6586E1B3D215800C6AFE2 /* UNLICENSE.txt */ = {isa = PBXFileReference; fileEncoding = 4; lastKnownFileType = text; path = UNLICENSE.txt; sourceTree = "<group>"; };
		AFD48D901B2D41E2001A6C97 /* PockemonField.app */ = {isa = PBXFileReference; explicitFileType = wrapper.application; includeInIndex = 0; path = PockemonField.app; sourceTree = BUILT_PRODUCTS_DIR; };
		AFD48D941B2D41E2001A6C97 /* Info.plist */ = {isa = PBXFileReference; lastKnownFileType = text.plist.xml; path = Info.plist; sourceTree = "<group>"; };
		AFD48D951B2D41E2001A6C97 /* main.m */ = {isa = PBXFileReference; lastKnownFileType = sourcecode.c.objc; path = main.m; sourceTree = "<group>"; };
		AFD48D971B2D41E2001A6C97 /* AppDelegate.h */ = {isa = PBXFileReference; lastKnownFileType = sourcecode.c.h; path = AppDelegate.h; sourceTree = "<group>"; };
		AFD48D981B2D41E2001A6C97 /* AppDelegate.m */ = {isa = PBXFileReference; lastKnownFileType = sourcecode.c.objc; path = AppDelegate.m; sourceTree = "<group>"; };
		AFD48D9A1B2D41E2001A6C97 /* ViewController.h */ = {isa = PBXFileReference; lastKnownFileType = sourcecode.c.h; path = ViewController.h; sourceTree = "<group>"; };
		AFD48D9B1B2D41E2001A6C97 /* ViewController.m */ = {isa = PBXFileReference; lastKnownFileType = sourcecode.c.objc; path = ViewController.m; sourceTree = "<group>"; };
		AFD48D9E1B2D41E2001A6C97 /* Base */ = {isa = PBXFileReference; lastKnownFileType = file.storyboard; name = Base; path = Base.lproj/Main.storyboard; sourceTree = "<group>"; };
		AFD48DA01B2D41E2001A6C97 /* Images.xcassets */ = {isa = PBXFileReference; lastKnownFileType = folder.assetcatalog; path = Images.xcassets; sourceTree = "<group>"; };
		AFD48DA31B2D41E2001A6C97 /* Base */ = {isa = PBXFileReference; lastKnownFileType = file.xib; name = Base; path = Base.lproj/LaunchScreen.xib; sourceTree = "<group>"; };
		AFD48DA91B2D41E2001A6C97 /* PockemonFieldTests.xctest */ = {isa = PBXFileReference; explicitFileType = wrapper.cfbundle; includeInIndex = 0; path = PockemonFieldTests.xctest; sourceTree = BUILT_PRODUCTS_DIR; };
		AFD48DAE1B2D41E2001A6C97 /* Info.plist */ = {isa = PBXFileReference; lastKnownFileType = text.plist.xml; path = Info.plist; sourceTree = "<group>"; };
		AFD48DAF1B2D41E2001A6C97 /* PockemonFieldTests.m */ = {isa = PBXFileReference; lastKnownFileType = sourcecode.c.objc; path = PockemonFieldTests.m; sourceTree = "<group>"; };
		AFD48DBA1B2D4224001A6C97 /* Default-568h@2x.png */ = {isa = PBXFileReference; lastKnownFileType = image.png; path = "Default-568h@2x.png"; sourceTree = "<group>"; };
		AFD48DBB1B2D4224001A6C97 /* Default-667h@2x.png */ = {isa = PBXFileReference; lastKnownFileType = image.png; path = "Default-667h@2x.png"; sourceTree = "<group>"; };
		AFD48DBC1B2D4224001A6C97 /* Default-736h@3x.png */ = {isa = PBXFileReference; lastKnownFileType = image.png; path = "Default-736h@3x.png"; sourceTree = "<group>"; };
		AFD48DC01B2D432F001A6C97 /* GameView.h */ = {isa = PBXFileReference; fileEncoding = 4; lastKnownFileType = sourcecode.c.h; path = GameView.h; sourceTree = "<group>"; };
		AFD48DC11B2D432F001A6C97 /* GameView.m */ = {isa = PBXFileReference; fileEncoding = 4; lastKnownFileType = sourcecode.c.objc; path = GameView.m; sourceTree = "<group>"; };
		AFD48DC41B2D4E62001A6C97 /* weed@2x.png */ = {isa = PBXFileReference; lastKnownFileType = image.png; path = "weed@2x.png"; sourceTree = "<group>"; };
		AFD48DC61B2D4F12001A6C97 /* tree@2x.png */ = {isa = PBXFileReference; lastKnownFileType = image.png; path = "tree@2x.png"; sourceTree = "<group>"; };
/* End PBXFileReference section */

/* Begin PBXFrameworksBuildPhase section */
		AFD48D8D1B2D41E2001A6C97 /* Frameworks */ = {
			isa = PBXFrameworksBuildPhase;
			buildActionMask = 2147483647;
			files = (
			);
			runOnlyForDeploymentPostprocessing = 0;
		};
		AFD48DA61B2D41E2001A6C97 /* Frameworks */ = {
			isa = PBXFrameworksBuildPhase;
			buildActionMask = 2147483647;
			files = (
			);
			runOnlyForDeploymentPostprocessing = 0;
		};
/* End PBXFrameworksBuildPhase section */

/* Begin PBXGroup section */
		AFB657191B2FF11300C6AFE2 /* Hero */ = {
			isa = PBXGroup;
			children = (
				AFB6571A1B2FF11300C6AFE2 /* hero-back-a@2x.png */,
				AFB6571B1B2FF11300C6AFE2 /* hero-back-b@2x.png */,
				AFB6571C1B2FF11300C6AFE2 /* hero-front-a@2x.png */,
				AFB6571D1B2FF11300C6AFE2 /* hero-front-b@2x.png */,
				AFB6571E1B2FF11300C6AFE2 /* hero-left-a@2x.png */,
				AFB6571F1B2FF11300C6AFE2 /* hero-left-b@2x.png */,
				AFB657201B2FF11300C6AFE2 /* hero-right-a@2x.png */,
				AFB657211B2FF11300C6AFE2 /* hero-right-b@2x.png */,
			);
			path = Hero;
			sourceTree = "<group>";
		};
		AFB658491B3D212000C6AFE2 /* Animation */ = {
			isa = PBXGroup;
			children = (
				AFB6584A1B3D215700C6AFE2 /* HUAnimator */,
			);
			name = Animation;
			sourceTree = "<group>";
		};
		AFB6584A1B3D215700C6AFE2 /* HUAnimator */ = {
			isa = PBXGroup;
			children = (
				AFB6584B1B3D215700C6AFE2 /* HUAnimator */,
				AFB658541B3D215700C6AFE2 /* HUAnimatorDemo */,
				AFB658651B3D215700C6AFE2 /* HUAnimatorDemo.xcodeproj */,
				AFB658681B3D215800C6AFE2 /* HUAnimatorDemoTests */,
				AFB6586D1B3D215800C6AFE2 /* README.md */,
				AFB6586E1B3D215800C6AFE2 /* UNLICENSE.txt */,
			);
			path = HUAnimator;
			sourceTree = "<group>";
		};
		AFB6584B1B3D215700C6AFE2 /* HUAnimator */ = {
			isa = PBXGroup;
			children = (
				AFB6584C1B3D215700C6AFE2 /* HUTransitionAnimator.h */,
				AFB6584D1B3D215700C6AFE2 /* HUTransitionAnimator.m */,
				AFB6584E1B3D215700C6AFE2 /* HUTransitionGhostAnimator.h */,
				AFB6584F1B3D215700C6AFE2 /* HUTransitionGhostAnimator.m */,
				AFB658501B3D215700C6AFE2 /* HUTransitionHorizontalLinesAnimator.h */,
				AFB658511B3D215700C6AFE2 /* HUTransitionHorizontalLinesAnimator.m */,
				AFB658521B3D215700C6AFE2 /* HUTransitionVerticalLinesAnimator.h */,
				AFB658531B3D215700C6AFE2 /* HUTransitionVerticalLinesAnimator.m */,
			);
			path = HUAnimator;
			sourceTree = "<group>";
		};
		AFB658541B3D215700C6AFE2 /* HUAnimatorDemo */ = {
			isa = PBXGroup;
			children = (
				AFB658551B3D215700C6AFE2 /* Main_iPad.storyboard */,
				AFB658571B3D215700C6AFE2 /* Main_iPhone.storyboard */,
				AFB658591B3D215700C6AFE2 /* bikesign.jpg */,
				AFB6585A1B3D215700C6AFE2 /* InfoPlist.strings */,
				AFB6585C1B3D215700C6AFE2 /* HUAnimatorDemo-Info.plist */,
				AFB6585D1B3D215700C6AFE2 /* HUAnimatorDemo-Prefix.pch */,
				AFB6585E1B3D215700C6AFE2 /* HUAppDelegate.h */,
				AFB6585F1B3D215700C6AFE2 /* HUAppDelegate.m */,
				AFB658601B3D215700C6AFE2 /* HUViewController.h */,
				AFB658611B3D215700C6AFE2 /* HUViewController.m */,
				AFB658621B3D215700C6AFE2 /* Images.xcassets */,
				AFB658631B3D215700C6AFE2 /* main.m */,
				AFB658641B3D215700C6AFE2 /* toilet.jpg */,
			);
			path = HUAnimatorDemo;
			sourceTree = "<group>";
		};
		AFB658661B3D215800C6AFE2 /* Products */ = {
			isa = PBXGroup;
			children = (
				AFB658851B3D215800C6AFE2 /* HUAnimatorDemo.app */,
				AFB658871B3D215800C6AFE2 /* HUAnimatorDemoTests.xctest */,
			);
			name = Products;
			sourceTree = "<group>";
		};
		AFB658681B3D215800C6AFE2 /* HUAnimatorDemoTests */ = {
			isa = PBXGroup;
			children = (
				AFB658691B3D215800C6AFE2 /* InfoPlist.strings */,
				AFB6586B1B3D215800C6AFE2 /* HUAnimatorDemoTests-Info.plist */,
				AFB6586C1B3D215800C6AFE2 /* HUAnimatorDemoTests.m */,
			);
			path = HUAnimatorDemoTests;
			sourceTree = "<group>";
		};
		AFD48D871B2D41E2001A6C97 = {
			isa = PBXGroup;
			children = (
				AFD48D921B2D41E2001A6C97 /* PockemonField */,
				AFD48DAC1B2D41E2001A6C97 /* PockemonFieldTests */,
				AFD48D911B2D41E2001A6C97 /* Products */,
			);
			sourceTree = "<group>";
		};
		AFD48D911B2D41E2001A6C97 /* Products */ = {
			isa = PBXGroup;
			children = (
				AFD48D901B2D41E2001A6C97 /* PockemonField.app */,
				AFD48DA91B2D41E2001A6C97 /* PockemonFieldTests.xctest */,
			);
			name = Products;
			sourceTree = "<group>";
		};
		AFD48D921B2D41E2001A6C97 /* PockemonField */ = {
			isa = PBXGroup;
			children = (
				AFB658491B3D212000C6AFE2 /* Animation */,
				AFD48DC31B2D4E08001A6C97 /* Images */,
				AFD48D971B2D41E2001A6C97 /* AppDelegate.h */,
				AFD48D981B2D41E2001A6C97 /* AppDelegate.m */,
				AFD48D9A1B2D41E2001A6C97 /* ViewController.h */,
				AFD48D9B1B2D41E2001A6C97 /* ViewController.m */,
				AFD48DC01B2D432F001A6C97 /* GameView.h */,
				AFD48DC11B2D432F001A6C97 /* GameView.m */,
				AFB657161B2FEDF100C6AFE2 /* Character.h */,
				AFB657171B2FEDF100C6AFE2 /* Character.m */,
				AFD48D9D1B2D41E2001A6C97 /* Main.storyboard */,
				AFD48DA01B2D41E2001A6C97 /* Images.xcassets */,
				AFD48DA21B2D41E2001A6C97 /* LaunchScreen.xib */,
				AFD48D931B2D41E2001A6C97 /* Supporting Files */,
			);
			path = PockemonField;
			sourceTree = "<group>";
		};
		AFD48D931B2D41E2001A6C97 /* Supporting Files */ = {
			isa = PBXGroup;
			children = (
				AFD48DB91B2D4224001A6C97 /* Defaults */,
				AFD48D941B2D41E2001A6C97 /* Info.plist */,
				AFD48D951B2D41E2001A6C97 /* main.m */,
			);
			name = "Supporting Files";
			sourceTree = "<group>";
		};
		AFD48DAC1B2D41E2001A6C97 /* PockemonFieldTests */ = {
			isa = PBXGroup;
			children = (
				AFD48DAF1B2D41E2001A6C97 /* PockemonFieldTests.m */,
				AFD48DAD1B2D41E2001A6C97 /* Supporting Files */,
			);
			path = PockemonFieldTests;
			sourceTree = "<group>";
		};
		AFD48DAD1B2D41E2001A6C97 /* Supporting Files */ = {
			isa = PBXGroup;
			children = (
				AFD48DAE1B2D41E2001A6C97 /* Info.plist */,
			);
			name = "Supporting Files";
			sourceTree = "<group>";
		};
		AFD48DB91B2D4224001A6C97 /* Defaults */ = {
			isa = PBXGroup;
			children = (
				AFD48DBA1B2D4224001A6C97 /* Default-568h@2x.png */,
				AFD48DBB1B2D4224001A6C97 /* Default-667h@2x.png */,
				AFD48DBC1B2D4224001A6C97 /* Default-736h@3x.png */,
			);
			path = Defaults;
			sourceTree = "<group>";
		};
		AFD48DC31B2D4E08001A6C97 /* Images */ = {
			isa = PBXGroup;
			children = (
				AFB657191B2FF11300C6AFE2 /* Hero */,
				AFD48DC61B2D4F12001A6C97 /* tree@2x.png */,
				AFD48DC41B2D4E62001A6C97 /* weed@2x.png */,
			);
			name = Images;
			sourceTree = "<group>";
		};
/* End PBXGroup section */

/* Begin PBXNativeTarget section */
		AFD48D8F1B2D41E2001A6C97 /* PockemonField */ = {
			isa = PBXNativeTarget;
			buildConfigurationList = AFD48DB31B2D41E2001A6C97 /* Build configuration list for PBXNativeTarget "PockemonField" */;
			buildPhases = (
				AFD48D8C1B2D41E2001A6C97 /* Sources */,
				AFD48D8D1B2D41E2001A6C97 /* Frameworks */,
				AFD48D8E1B2D41E2001A6C97 /* Resources */,
			);
			buildRules = (
			);
			dependencies = (
			);
			name = PockemonField;
			productName = PockemonField;
			productReference = AFD48D901B2D41E2001A6C97 /* PockemonField.app */;
			productType = "com.apple.product-type.application";
		};
		AFD48DA81B2D41E2001A6C97 /* PockemonFieldTests */ = {
			isa = PBXNativeTarget;
			buildConfigurationList = AFD48DB61B2D41E2001A6C97 /* Build configuration list for PBXNativeTarget "PockemonFieldTests" */;
			buildPhases = (
				AFD48DA51B2D41E2001A6C97 /* Sources */,
				AFD48DA61B2D41E2001A6C97 /* Frameworks */,
				AFD48DA71B2D41E2001A6C97 /* Resources */,
			);
			buildRules = (
			);
			dependencies = (
				AFD48DAB1B2D41E2001A6C97 /* PBXTargetDependency */,
			);
			name = PockemonFieldTests;
			productName = PockemonFieldTests;
			productReference = AFD48DA91B2D41E2001A6C97 /* PockemonFieldTests.xctest */;
			productType = "com.apple.product-type.bundle.unit-test";
		};
/* End PBXNativeTarget section */

/* Begin PBXProject section */
		AFD48D881B2D41E2001A6C97 /* Project object */ = {
			isa = PBXProject;
			attributes = {
				LastUpgradeCheck = 0630;
				ORGANIZATIONNAME = net.masuhara;
				TargetAttributes = {
					AFD48D8F1B2D41E2001A6C97 = {
						CreatedOnToolsVersion = 6.3.2;
					};
					AFD48DA81B2D41E2001A6C97 = {
						CreatedOnToolsVersion = 6.3.2;
						TestTargetID = AFD48D8F1B2D41E2001A6C97;
					};
				};
			};
			buildConfigurationList = AFD48D8B1B2D41E2001A6C97 /* Build configuration list for PBXProject "PockemonField" */;
			compatibilityVersion = "Xcode 3.2";
			developmentRegion = English;
			hasScannedForEncodings = 0;
			knownRegions = (
				en,
				Base,
			);
			mainGroup = AFD48D871B2D41E2001A6C97;
			productRefGroup = AFD48D911B2D41E2001A6C97 /* Products */;
			projectDirPath = "";
			projectReferences = (
				{
					ProductGroup = AFB658661B3D215800C6AFE2 /* Products */;
					ProjectRef = AFB658651B3D215700C6AFE2 /* HUAnimatorDemo.xcodeproj */;
				},
			);
			projectRoot = "";
			targets = (
				AFD48D8F1B2D41E2001A6C97 /* PockemonField */,
				AFD48DA81B2D41E2001A6C97 /* PockemonFieldTests */,
			);
		};
/* End PBXProject section */

/* Begin PBXReferenceProxy section */
		AFB658851B3D215800C6AFE2 /* HUAnimatorDemo.app */ = {
			isa = PBXReferenceProxy;
			fileType = wrapper.application;
			path = HUAnimatorDemo.app;
			remoteRef = AFB658841B3D215800C6AFE2 /* PBXContainerItemProxy */;
			sourceTree = BUILT_PRODUCTS_DIR;
		};
		AFB658871B3D215800C6AFE2 /* HUAnimatorDemoTests.xctest */ = {
			isa = PBXReferenceProxy;
			fileType = wrapper.cfbundle;
			path = HUAnimatorDemoTests.xctest;
			remoteRef = AFB658861B3D215800C6AFE2 /* PBXContainerItemProxy */;
			sourceTree = BUILT_PRODUCTS_DIR;
		};
/* End PBXReferenceProxy section */

/* Begin PBXResourcesBuildPhase section */
		AFD48D8E1B2D41E2001A6C97 /* Resources */ = {
			isa = PBXResourcesBuildPhase;
			buildActionMask = 2147483647;
			files = (
				AFD48DC71B2D4F12001A6C97 /* tree@2x.png in Resources */,
				AFB6587D1B3D215800C6AFE2 /* InfoPlist.strings in Resources */,
				AFB657281B2FF11300C6AFE2 /* hero-right-a@2x.png in Resources */,
				AFB658751B3D215800C6AFE2 /* bikesign.jpg in Resources */,
				AFB6587E1B3D215800C6AFE2 /* HUAnimatorDemoTests-Info.plist in Resources */,
				AFB658811B3D215800C6AFE2 /* UNLICENSE.txt in Resources */,
				AFD48D9F1B2D41E2001A6C97 /* Main.storyboard in Resources */,
				AFB657241B2FF11300C6AFE2 /* hero-front-a@2x.png in Resources */,
				AFB658731B3D215800C6AFE2 /* Main_iPad.storyboard in Resources */,
				AFD48DBD1B2D4224001A6C97 /* Default-568h@2x.png in Resources */,
				AFB6587C1B3D215800C6AFE2 /* toilet.jpg in Resources */,
				AFD48DA41B2D41E2001A6C97 /* LaunchScreen.xib in Resources */,
				AFB657231B2FF11300C6AFE2 /* hero-back-b@2x.png in Resources */,
				AFB658761B3D215800C6AFE2 /* InfoPlist.strings in Resources */,
				AFB658771B3D215800C6AFE2 /* HUAnimatorDemo-Info.plist in Resources */,
				AFB657221B2FF11300C6AFE2 /* hero-back-a@2x.png in Resources */,
				AFB657291B2FF11300C6AFE2 /* hero-right-b@2x.png in Resources */,
				AFD48DA11B2D41E2001A6C97 /* Images.xcassets in Resources */,
				AFB657271B2FF11300C6AFE2 /* hero-left-b@2x.png in Resources */,
				AFB6587A1B3D215800C6AFE2 /* Images.xcassets in Resources */,
				AFD48DBE1B2D4224001A6C97 /* Default-667h@2x.png in Resources */,
				AFD48DC51B2D4E62001A6C97 /* weed@2x.png in Resources */,
				AFB658741B3D215800C6AFE2 /* Main_iPhone.storyboard in Resources */,
				AFD48DBF1B2D4224001A6C97 /* Default-736h@3x.png in Resources */,
				AFB657251B2FF11300C6AFE2 /* hero-front-b@2x.png in Resources */,
				AFB657261B2FF11300C6AFE2 /* hero-left-a@2x.png in Resources */,
			);
			runOnlyForDeploymentPostprocessing = 0;
		};
		AFD48DA71B2D41E2001A6C97 /* Resources */ = {
			isa = PBXResourcesBuildPhase;
			buildActionMask = 2147483647;
			files = (
			);
			runOnlyForDeploymentPostprocessing = 0;
		};
/* End PBXResourcesBuildPhase section */

/* Begin PBXSourcesBuildPhase section */
		AFD48D8C1B2D41E2001A6C97 /* Sources */ = {
			isa = PBXSourcesBuildPhase;
			buildActionMask = 2147483647;
			files = (
				AFB658711B3D215800C6AFE2 /* HUTransitionHorizontalLinesAnimator.m in Sources */,
				AFB658781B3D215800C6AFE2 /* HUAppDelegate.m in Sources */,
				AFB6586F1B3D215800C6AFE2 /* HUTransitionAnimator.m in Sources */,
				AFD48D9C1B2D41E2001A6C97 /* ViewController.m in Sources */,
				AFB657181B2FEDF100C6AFE2 /* Character.m in Sources */,
				AFB6587F1B3D215800C6AFE2 /* HUAnimatorDemoTests.m in Sources */,
				AFB658791B3D215800C6AFE2 /* HUViewController.m in Sources */,
				AFB658721B3D215800C6AFE2 /* HUTransitionVerticalLinesAnimator.m in Sources */,
				AFD48D991B2D41E2001A6C97 /* AppDelegate.m in Sources */,
				AFD48DC21B2D432F001A6C97 /* GameView.m in Sources */,
				AFB658801B3D215800C6AFE2 /* README.md in Sources */,
				AFD48D961B2D41E2001A6C97 /* main.m in Sources */,
				AFB6587B1B3D215800C6AFE2 /* main.m in Sources */,
				AFB658701B3D215800C6AFE2 /* HUTransitionGhostAnimator.m in Sources */,
			);
			runOnlyForDeploymentPostprocessing = 0;
		};
		AFD48DA51B2D41E2001A6C97 /* Sources */ = {
			isa = PBXSourcesBuildPhase;
			buildActionMask = 2147483647;
			files = (
				AFD48DB01B2D41E2001A6C97 /* PockemonFieldTests.m in Sources */,
			);
			runOnlyForDeploymentPostprocessing = 0;
		};
/* End PBXSourcesBuildPhase section */

/* Begin PBXTargetDependency section */
		AFD48DAB1B2D41E2001A6C97 /* PBXTargetDependency */ = {
			isa = PBXTargetDependency;
			target = AFD48D8F1B2D41E2001A6C97 /* PockemonField */;
			targetProxy = AFD48DAA1B2D41E2001A6C97 /* PBXContainerItemProxy */;
		};
/* End PBXTargetDependency section */

/* Begin PBXVariantGroup section */
		AFB658551B3D215700C6AFE2 /* Main_iPad.storyboard */ = {
			isa = PBXVariantGroup;
			children = (
				AFB658561B3D215700C6AFE2 /* Base */,
			);
			name = Main_iPad.storyboard;
			sourceTree = "<group>";
		};
		AFB658571B3D215700C6AFE2 /* Main_iPhone.storyboard */ = {
			isa = PBXVariantGroup;
			children = (
				AFB658581B3D215700C6AFE2 /* Base */,
			);
			name = Main_iPhone.storyboard;
			sourceTree = "<group>";
		};
		AFB6585A1B3D215700C6AFE2 /* InfoPlist.strings */ = {
			isa = PBXVariantGroup;
			children = (
				AFB6585B1B3D215700C6AFE2 /* en */,
			);
			name = InfoPlist.strings;
			sourceTree = "<group>";
		};
		AFB658691B3D215800C6AFE2 /* InfoPlist.strings */ = {
			isa = PBXVariantGroup;
			children = (
				AFB6586A1B3D215800C6AFE2 /* en */,
			);
			name = InfoPlist.strings;
			sourceTree = "<group>";
		};
		AFD48D9D1B2D41E2001A6C97 /* Main.storyboard */ = {
			isa = PBXVariantGroup;
			children = (
				AFD48D9E1B2D41E2001A6C97 /* Base */,
			);
			name = Main.storyboard;
			sourceTree = "<group>";
		};
		AFD48DA21B2D41E2001A6C97 /* LaunchScreen.xib */ = {
			isa = PBXVariantGroup;
			children = (
				AFD48DA31B2D41E2001A6C97 /* Base */,
			);
			name = LaunchScreen.xib;
			sourceTree = "<group>";
		};
/* End PBXVariantGroup section */

/* Begin XCBuildConfiguration section */
		AFD48DB11B2D41E2001A6C97 /* Debug */ = {
			isa = XCBuildConfiguration;
			buildSettings = {
				ALWAYS_SEARCH_USER_PATHS = NO;
				CLANG_CXX_LANGUAGE_STANDARD = "gnu++0x";
				CLANG_CXX_LIBRARY = "libc++";
				CLANG_ENABLE_MODULES = YES;
				CLANG_ENABLE_OBJC_ARC = YES;
				CLANG_WARN_BOOL_CONVERSION = YES;
				CLANG_WARN_CONSTANT_CONVERSION = YES;
				CLANG_WARN_DIRECT_OBJC_ISA_USAGE = YES_ERROR;
				CLANG_WARN_EMPTY_BODY = YES;
				CLANG_WARN_ENUM_CONVERSION = YES;
				CLANG_WARN_INT_CONVERSION = YES;
				CLANG_WARN_OBJC_ROOT_CLASS = YES_ERROR;
				CLANG_WARN_UNREACHABLE_CODE = YES;
				CLANG_WARN__DUPLICATE_METHOD_MATCH = YES;
				"CODE_SIGN_IDENTITY[sdk=iphoneos*]" = "iPhone Developer";
				COPY_PHASE_STRIP = NO;
				DEBUG_INFORMATION_FORMAT = "dwarf-with-dsym";
				ENABLE_STRICT_OBJC_MSGSEND = YES;
				GCC_C_LANGUAGE_STANDARD = gnu99;
				GCC_DYNAMIC_NO_PIC = NO;
				GCC_NO_COMMON_BLOCKS = YES;
				GCC_OPTIMIZATION_LEVEL = 0;
				GCC_PREPROCESSOR_DEFINITIONS = (
					"DEBUG=1",
					"$(inherited)",
				);
				GCC_SYMBOLS_PRIVATE_EXTERN = NO;
				GCC_WARN_64_TO_32_BIT_CONVERSION = YES;
				GCC_WARN_ABOUT_RETURN_TYPE = YES_ERROR;
				GCC_WARN_UNDECLARED_SELECTOR = YES;
				GCC_WARN_UNINITIALIZED_AUTOS = YES_AGGRESSIVE;
				GCC_WARN_UNUSED_FUNCTION = YES;
				GCC_WARN_UNUSED_VARIABLE = YES;
				IPHONEOS_DEPLOYMENT_TARGET = 8.3;
				MTL_ENABLE_DEBUG_INFO = YES;
				ONLY_ACTIVE_ARCH = YES;
				SDKROOT = iphoneos;
			};
			name = Debug;
		};
		AFD48DB21B2D41E2001A6C97 /* Release */ = {
			isa = XCBuildConfiguration;
			buildSettings = {
				ALWAYS_SEARCH_USER_PATHS = NO;
				CLANG_CXX_LANGUAGE_STANDARD = "gnu++0x";
				CLANG_CXX_LIBRARY = "libc++";
				CLANG_ENABLE_MODULES = YES;
				CLANG_ENABLE_OBJC_ARC = YES;
				CLANG_WARN_BOOL_CONVERSION = YES;
				CLANG_WARN_CONSTANT_CONVERSION = YES;
				CLANG_WARN_DIRECT_OBJC_ISA_USAGE = YES_ERROR;
				CLANG_WARN_EMPTY_BODY = YES;
				CLANG_WARN_ENUM_CONVERSION = YES;
				CLANG_WARN_INT_CONVERSION = YES;
				CLANG_WARN_OBJC_ROOT_CLASS = YES_ERROR;
				CLANG_WARN_UNREACHABLE_CODE = YES;
				CLANG_WARN__DUPLICATE_METHOD_MATCH = YES;
				"CODE_SIGN_IDENTITY[sdk=iphoneos*]" = "iPhone Developer";
				COPY_PHASE_STRIP = NO;
				DEBUG_INFORMATION_FORMAT = "dwarf-with-dsym";
				ENABLE_NS_ASSERTIONS = NO;
				ENABLE_STRICT_OBJC_MSGSEND = YES;
				GCC_C_LANGUAGE_STANDARD = gnu99;
				GCC_NO_COMMON_BLOCKS = YES;
				GCC_WARN_64_TO_32_BIT_CONVERSION = YES;
				GCC_WARN_ABOUT_RETURN_TYPE = YES_ERROR;
				GCC_WARN_UNDECLARED_SELECTOR = YES;
				GCC_WARN_UNINITIALIZED_AUTOS = YES_AGGRESSIVE;
				GCC_WARN_UNUSED_FUNCTION = YES;
				GCC_WARN_UNUSED_VARIABLE = YES;
				IPHONEOS_DEPLOYMENT_TARGET = 8.3;
				MTL_ENABLE_DEBUG_INFO = NO;
				SDKROOT = iphoneos;
				VALIDATE_PRODUCT = YES;
			};
			name = Release;
		};
		AFD48DB41B2D41E2001A6C97 /* Debug */ = {
			isa = XCBuildConfiguration;
			buildSettings = {
				ASSETCATALOG_COMPILER_APPICON_NAME = AppIcon;
				INFOPLIST_FILE = PockemonField/Info.plist;
				LD_RUNPATH_SEARCH_PATHS = "$(inherited) @executable_path/Frameworks";
				PRODUCT_NAME = "$(TARGET_NAME)";
			};
			name = Debug;
		};
		AFD48DB51B2D41E2001A6C97 /* Release */ = {
			isa = XCBuildConfiguration;
			buildSettings = {
				ASSETCATALOG_COMPILER_APPICON_NAME = AppIcon;
				INFOPLIST_FILE = PockemonField/Info.plist;
				LD_RUNPATH_SEARCH_PATHS = "$(inherited) @executable_path/Frameworks";
				PRODUCT_NAME = "$(TARGET_NAME)";
			};
			name = Release;
		};
		AFD48DB71B2D41E2001A6C97 /* Debug */ = {
			isa = XCBuildConfiguration;
			buildSettings = {
				BUNDLE_LOADER = "$(TEST_HOST)";
				FRAMEWORK_SEARCH_PATHS = (
					"$(SDKROOT)/Developer/Library/Frameworks",
					"$(inherited)",
				);
				GCC_PREPROCESSOR_DEFINITIONS = (
					"DEBUG=1",
					"$(inherited)",
				);
				INFOPLIST_FILE = PockemonFieldTests/Info.plist;
				LD_RUNPATH_SEARCH_PATHS = "$(inherited) @executable_path/Frameworks @loader_path/Frameworks";
				PRODUCT_NAME = "$(TARGET_NAME)";
				TEST_HOST = "$(BUILT_PRODUCTS_DIR)/PockemonField.app/PockemonField";
			};
			name = Debug;
		};
		AFD48DB81B2D41E2001A6C97 /* Release */ = {
			isa = XCBuildConfiguration;
			buildSettings = {
				BUNDLE_LOADER = "$(TEST_HOST)";
				FRAMEWORK_SEARCH_PATHS = (
					"$(SDKROOT)/Developer/Library/Frameworks",
					"$(inherited)",
				);
				INFOPLIST_FILE = PockemonFieldTests/Info.plist;
				LD_RUNPATH_SEARCH_PATHS = "$(inherited) @executable_path/Frameworks @loader_path/Frameworks";
				PRODUCT_NAME = "$(TARGET_NAME)";
				TEST_HOST = "$(BUILT_PRODUCTS_DIR)/PockemonField.app/PockemonField";
			};
			name = Release;
		};
/* End XCBuildConfiguration section */

/* Begin XCConfigurationList section */
		AFD48D8B1B2D41E2001A6C97 /* Build configuration list for PBXProject "PockemonField" */ = {
			isa = XCConfigurationList;
			buildConfigurations = (
				AFD48DB11B2D41E2001A6C97 /* Debug */,
				AFD48DB21B2D41E2001A6C97 /* Release */,
			);
			defaultConfigurationIsVisible = 0;
			defaultConfigurationName = Release;
		};
		AFD48DB31B2D41E2001A6C97 /* Build configuration list for PBXNativeTarget "PockemonField" */ = {
			isa = XCConfigurationList;
			buildConfigurations = (
				AFD48DB41B2D41E2001A6C97 /* Debug */,
				AFD48DB51B2D41E2001A6C97 /* Release */,
			);
			defaultConfigurationIsVisible = 0;
			defaultConfigurationName = Release;
		};
		AFD48DB61B2D41E2001A6C97 /* Build configuration list for PBXNativeTarget "PockemonFieldTests" */ = {
			isa = XCConfigurationList;
			buildConfigurations = (
				AFD48DB71B2D41E2001A6C97 /* Debug */,
				AFD48DB81B2D41E2001A6C97 /* Release */,
			);
			defaultConfigurationIsVisible = 0;
			defaultConfigurationName = Release;
		};
/* End XCConfigurationList section */
	};
	rootObject = AFD48D881B2D41E2001A6C97 /* Project object */;
}
