// !$*UTF8*$!
{
	archiveVersion = 1;
	classes = {
	};
	objectVersion = 46;
	objects = {

/* Begin PBXBuildFile section */
		AFD48D961B2D41E2001A6C97 /* main.m in Sources */ = {isa = PBXBuildFile; fileRef = AFD48D951B2D41E2001A6C97 /* main.m */; };
		AFD48D991B2D41E2001A6C97 /* AppDelegate.m in Sources */ = {isa = PBXBuildFile; fileRef = AFD48D981B2D41E2001A6C97 /* AppDelegate.m */; };
		AFD48D9C1B2D41E2001A6C97 /* ViewController.m in Sources */ = {isa = PBXBuildFile; fileRef = AFD48D9B1B2D41E2001A6C97 /* ViewController.m */; };
		AFD48D9F1B2D41E2001A6C97 /* Main.storyboard in Resources */ = {isa = PBXBuildFile; fileRef = AFD48D9D1B2D41E2001A6C97 /* Main.storyboard */; };
		AFD48DA11B2D41E2001A6C97 /* Images.xcassets in Resources */ = {isa = PBXBuildFile; fileRef = AFD48DA01B2D41E2001A6C97 /* Images.xcassets */; };
		AFD48DA41B2D41E2001A6C97 /* LaunchScreen.xib in Resources */ = {isa = PBXBuildFile; fileRef = AFD48DA21B2D41E2001A6C97 /* LaunchScreen.xib */; };
		AFD48DB01B2D41E2001A6C97 /* PockemonFieldTests.m in Sources */ = {isa = PBXBuildFile; fileRef = AFD48DAF1B2D41E2001A6C97 /* PockemonFieldTests.m */; };
/* End PBXBuildFile section */

/* Begin PBXContainerItemProxy section */
		AFD48DAA1B2D41E2001A6C97 /* PBXContainerItemProxy */ = {
			isa = PBXContainerItemProxy;
			containerPortal = AFD48D881B2D41E2001A6C97 /* Project object */;
			proxyType = 1;
			remoteGlobalIDString = AFD48D8F1B2D41E2001A6C97;
			remoteInfo = PockemonField;
		};
/* End PBXContainerItemProxy section */

/* Begin PBXFileReference section */
		AFD48D901B2D41E2001A6C97 /* PockemonField.app */ = {isa = PBXFileReference; explicitFileType = wrapper.application; includeInIndex = 0; path = PockemonField.app; sourceTree = BUILT_PRODUCTS_DIR; };
		AFD48D941B2D41E2001A6C97 /* Info.plist */ = {isa = PBXFileReference; lastKnownFileType = text.plist.xml; path = Info.plist; sourceTree = "<group>"; };
		AFD48D951B2D41E2001A6C97 /* main.m */ = {isa = PBXFileReference; lastKnownFileType = sourcecode.c.objc; path = main.m; sourceTree = "<group>"; };
		AFD48D971B2D41E2001A6C97 /* AppDelegate.h */ = {isa = PBXFileReference; lastKnownFileType = sourcecode.c.h; path = AppDelegate.h; sourceTree = "<group>"; };
		AFD48D981B2D41E2001A6C97 /* AppDelegate.m */ = {isa = PBXFileReference; lastKnownFileType = sourcecode.c.objc; path = AppDelegate.m; sourceTree = "<group>"; };
		AFD48D9A1B2D41E2001A6C97 /* ViewController.h */ = {isa = PBXFileReference; lastKnownFileType = sourcecode.c.h; path = ViewController.h; sourceTree = "<group>"; };
		AFD48D9B1B2D41E2001A6C97 /* ViewController.m */ = {isa = PBXFileReference; lastKnownFileType = sourcecode.c.objc; path = ViewController.m; sourceTree = "<group>"; };
		AFD48D9E1B2D41E2001A6C97 /* Base */ = {isa = PBXFileReference; lastKnownFileType = file.storyboard; name = Base; path = Base.lproj/Main.storyboard; sourceTree = "<group>"; };
		AFD48DA01B2D41E2001A6C97 /* Images.xcassets */ = {isa = PBXFileReference; lastKnownFileType = folder.assetcatalog; path = Images.xcassets; sourceTree = "<group>"; };
		AFD48DA31B2D41E2001A6C97 /* Base */ = {isa = PBXFileReference; lastKnownFileType = file.xib; name = Base; path = Base.lproj/LaunchScreen.xib; sourceTree = "<group>"; };
		AFD48DA91B2D41E2001A6C97 /* PockemonFieldTests.xctest */ = {isa = PBXFileReference; explicitFileType = wrapper.cfbundle; includeInIndex = 0; path = PockemonFieldTests.xctest; sourceTree = BUILT_PRODUCTS_DIR; };
		AFD48DAE1B2D41E2001A6C97 /* Info.plist */ = {isa = PBXFileReference; lastKnownFileType = text.plist.xml; path = Info.plist; sourceTree = "<group>"; };
		AFD48DAF1B2D41E2001A6C97 /* PockemonFieldTests.m */ = {isa = PBXFileReference; lastKnownFileType = sourcecode.c.objc; path = PockemonFieldTests.m; sourceTree = "<group>"; };
/* End PBXFileReference section */

/* Begin PBXFrameworksBuildPhase section */
		AFD48D8D1B2D41E2001A6C97 /* Frameworks */ = {
			isa = PBXFrameworksBuildPhase;
			buildActionMask = 2147483647;
			files = (
			);
			runOnlyForDeploymentPostprocessing = 0;
		};
		AFD48DA61B2D41E2001A6C97 /* Frameworks */ = {
			isa = PBXFrameworksBuildPhase;
			buildActionMask = 2147483647;
			files = (
			);
			runOnlyForDeploymentPostprocessing = 0;
		};
/* End PBXFrameworksBuildPhase section */

/* Begin PBXGroup section */
		AFD48D871B2D41E2001A6C97 = {
			isa = PBXGroup;
			children = (
				AFD48D921B2D41E2001A6C97 /* PockemonField */,
				AFD48DAC1B2D41E2001A6C97 /* PockemonFieldTests */,
				AFD48D911B2D41E2001A6C97 /* Products */,
			);
			sourceTree = "<group>";
		};
		AFD48D911B2D41E2001A6C97 /* Products */ = {
			isa = PBXGroup;
			children = (
				AFD48D901B2D41E2001A6C97 /* PockemonField.app */,
				AFD48DA91B2D41E2001A6C97 /* PockemonFieldTests.xctest */,
			);
			name = Products;
			sourceTree = "<group>";
		};
		AFD48D921B2D41E2001A6C97 /* PockemonField */ = {
			isa = PBXGroup;
			children = (
				AFD48D971B2D41E2001A6C97 /* AppDelegate.h */,
				AFD48D981B2D41E2001A6C97 /* AppDelegate.m */,
				AFD48D9A1B2D41E2001A6C97 /* ViewController.h */,
				AFD48D9B1B2D41E2001A6C97 /* ViewController.m */,
				AFD48D9D1B2D41E2001A6C97 /* Main.storyboard */,
				AFD48DA01B2D41E2001A6C97 /* Images.xcassets */,
				AFD48DA21B2D41E2001A6C97 /* LaunchScreen.xib */,
				AFD48D931B2D41E2001A6C97 /* Supporting Files */,
			);
			path = PockemonField;
			sourceTree = "<group>";
		};
		AFD48D931B2D41E2001A6C97 /* Supporting Files */ = {
			isa = PBXGroup;
			children = (
				AFD48D941B2D41E2001A6C97 /* Info.plist */,
				AFD48D951B2D41E2001A6C97 /* main.m */,
			);
			name = "Supporting Files";
			sourceTree = "<group>";
		};
		AFD48DAC1B2D41E2001A6C97 /* PockemonFieldTests */ = {
			isa = PBXGroup;
			children = (
				AFD48DAF1B2D41E2001A6C97 /* PockemonFieldTests.m */,
				AFD48DAD1B2D41E2001A6C97 /* Supporting Files */,
			);
			path = PockemonFieldTests;
			sourceTree = "<group>";
		};
		AFD48DAD1B2D41E2001A6C97 /* Supporting Files */ = {
			isa = PBXGroup;
			children = (
				AFD48DAE1B2D41E2001A6C97 /* Info.plist */,
			);
			name = "Supporting Files";
			sourceTree = "<group>";
		};
/* End PBXGroup section */

/* Begin PBXNativeTarget section */
		AFD48D8F1B2D41E2001A6C97 /* PockemonField */ = {
			isa = PBXNativeTarget;
			buildConfigurationList = AFD48DB31B2D41E2001A6C97 /* Build configuration list for PBXNativeTarget "PockemonField" */;
			buildPhases = (
				AFD48D8C1B2D41E2001A6C97 /* Sources */,
				AFD48D8D1B2D41E2001A6C97 /* Frameworks */,
				AFD48D8E1B2D41E2001A6C97 /* Resources */,
			);
			buildRules = (
			);
			dependencies = (
			);
			name = PockemonField;
			productName = PockemonField;
			productReference = AFD48D901B2D41E2001A6C97 /* PockemonField.app */;
			productType = "com.apple.product-type.application";
		};
		AFD48DA81B2D41E2001A6C97 /* PockemonFieldTests */ = {
			isa = PBXNativeTarget;
			buildConfigurationList = AFD48DB61B2D41E2001A6C97 /* Build configuration list for PBXNativeTarget "PockemonFieldTests" */;
			buildPhases = (
				AFD48DA51B2D41E2001A6C97 /* Sources */,
				AFD48DA61B2D41E2001A6C97 /* Frameworks */,
				AFD48DA71B2D41E2001A6C97 /* Resources */,
			);
			buildRules = (
			);
			dependencies = (
				AFD48DAB1B2D41E2001A6C97 /* PBXTargetDependency */,
			);
			name = PockemonFieldTests;
			productName = PockemonFieldTests;
			productReference = AFD48DA91B2D41E2001A6C97 /* PockemonFieldTests.xctest */;
			productType = "com.apple.product-type.bundle.unit-test";
		};
/* End PBXNativeTarget section */

/* Begin PBXProject section */
		AFD48D881B2D41E2001A6C97 /* Project object */ = {
			isa = PBXProject;
			attributes = {
				LastUpgradeCheck = 0630;
				ORGANIZATIONNAME = net.masuhara;
				TargetAttributes = {
					AFD48D8F1B2D41E2001A6C97 = {
						CreatedOnToolsVersion = 6.3.2;
					};
					AFD48DA81B2D41E2001A6C97 = {
						CreatedOnToolsVersion = 6.3.2;
						TestTargetID = AFD48D8F1B2D41E2001A6C97;
					};
				};
			};
			buildConfigurationList = AFD48D8B1B2D41E2001A6C97 /* Build configuration list for PBXProject "PockemonField" */;
			compatibilityVersion = "Xcode 3.2";
			developmentRegion = English;
			hasScannedForEncodings = 0;
			knownRegions = (
				en,
				Base,
			);
			mainGroup = AFD48D871B2D41E2001A6C97;
			productRefGroup = AFD48D911B2D41E2001A6C97 /* Products */;
			projectDirPath = "";
			projectRoot = "";
			targets = (
				AFD48D8F1B2D41E2001A6C97 /* PockemonField */,
				AFD48DA81B2D41E2001A6C97 /* PockemonFieldTests */,
			);
		};
/* End PBXProject section */

/* Begin PBXResourcesBuildPhase section */
		AFD48D8E1B2D41E2001A6C97 /* Resources */ = {
			isa = PBXResourcesBuildPhase;
			buildActionMask = 2147483647;
			files = (
				AFD48D9F1B2D41E2001A6C97 /* Main.storyboard in Resources */,
				AFD48DA41B2D41E2001A6C97 /* LaunchScreen.xib in Resources */,
				AFD48DA11B2D41E2001A6C97 /* Images.xcassets in Resources */,
			);
			runOnlyForDeploymentPostprocessing = 0;
		};
		AFD48DA71B2D41E2001A6C97 /* Resources */ = {
			isa = PBXResourcesBuildPhase;
			buildActionMask = 2147483647;
			files = (
			);
			runOnlyForDeploymentPostprocessing = 0;
		};
/* End PBXResourcesBuildPhase section */

/* Begin PBXSourcesBuildPhase section */
		AFD48D8C1B2D41E2001A6C97 /* Sources */ = {
			isa = PBXSourcesBuildPhase;
			buildActionMask = 2147483647;
			files = (
				AFD48D9C1B2D41E2001A6C97 /* ViewController.m in Sources */,
				AFD48D991B2D41E2001A6C97 /* AppDelegate.m in Sources */,
				AFD48D961B2D41E2001A6C97 /* main.m in Sources */,
			);
			runOnlyForDeploymentPostprocessing = 0;
		};
		AFD48DA51B2D41E2001A6C97 /* Sources */ = {
			isa = PBXSourcesBuildPhase;
			buildActionMask = 2147483647;
			files = (
				AFD48DB01B2D41E2001A6C97 /* PockemonFieldTests.m in Sources */,
			);
			runOnlyForDeploymentPostprocessing = 0;
		};
/* End PBXSourcesBuildPhase section */

/* Begin PBXTargetDependency section */
		AFD48DAB1B2D41E2001A6C97 /* PBXTargetDependency */ = {
			isa = PBXTargetDependency;
			target = AFD48D8F1B2D41E2001A6C97 /* PockemonField */;
			targetProxy = AFD48DAA1B2D41E2001A6C97 /* PBXContainerItemProxy */;
		};
/* End PBXTargetDependency section */

/* Begin PBXVariantGroup section */
		AFD48D9D1B2D41E2001A6C97 /* Main.storyboard */ = {
			isa = PBXVariantGroup;
			children = (
				AFD48D9E1B2D41E2001A6C97 /* Base */,
			);
			name = Main.storyboard;
			sourceTree = "<group>";
		};
		AFD48DA21B2D41E2001A6C97 /* LaunchScreen.xib */ = {
			isa = PBXVariantGroup;
			children = (
				AFD48DA31B2D41E2001A6C97 /* Base */,
			);
			name = LaunchScreen.xib;
			sourceTree = "<group>";
		};
/* End PBXVariantGroup section */

/* Begin XCBuildConfiguration section */
		AFD48DB11B2D41E2001A6C97 /* Debug */ = {
			isa = XCBuildConfiguration;
			buildSettings = {
				ALWAYS_SEARCH_USER_PATHS = NO;
				CLANG_CXX_LANGUAGE_STANDARD = "gnu++0x";
				CLANG_CXX_LIBRARY = "libc++";
				CLANG_ENABLE_MODULES = YES;
				CLANG_ENABLE_OBJC_ARC = YES;
				CLANG_WARN_BOOL_CONVERSION = YES;
				CLANG_WARN_CONSTANT_CONVERSION = YES;
				CLANG_WARN_DIRECT_OBJC_ISA_USAGE = YES_ERROR;
				CLANG_WARN_EMPTY_BODY = YES;
				CLANG_WARN_ENUM_CONVERSION = YES;
				CLANG_WARN_INT_CONVERSION = YES;
				CLANG_WARN_OBJC_ROOT_CLASS = YES_ERROR;
				CLANG_WARN_UNREACHABLE_CODE = YES;
				CLANG_WARN__DUPLICATE_METHOD_MATCH = YES;
				"CODE_SIGN_IDENTITY[sdk=iphoneos*]" = "iPhone Developer";
				COPY_PHASE_STRIP = NO;
				DEBUG_INFORMATION_FORMAT = "dwarf-with-dsym";
				ENABLE_STRICT_OBJC_MSGSEND = YES;
				GCC_C_LANGUAGE_STANDARD = gnu99;
				GCC_DYNAMIC_NO_PIC = NO;
				GCC_NO_COMMON_BLOCKS = YES;
				GCC_OPTIMIZATION_LEVEL = 0;
				GCC_PREPROCESSOR_DEFINITIONS = (
					"DEBUG=1",
					"$(inherited)",
				);
				GCC_SYMBOLS_PRIVATE_EXTERN = NO;
				GCC_WARN_64_TO_32_BIT_CONVERSION = YES;
				GCC_WARN_ABOUT_RETURN_TYPE = YES_ERROR;
				GCC_WARN_UNDECLARED_SELECTOR = YES;
				GCC_WARN_UNINITIALIZED_AUTOS = YES_AGGRESSIVE;
				GCC_WARN_UNUSED_FUNCTION = YES;
				GCC_WARN_UNUSED_VARIABLE = YES;
				IPHONEOS_DEPLOYMENT_TARGET = 8.3;
				MTL_ENABLE_DEBUG_INFO = YES;
				ONLY_ACTIVE_ARCH = YES;
				SDKROOT = iphoneos;
			};
			name = Debug;
		};
		AFD48DB21B2D41E2001A6C97 /* Release */ = {
			isa = XCBuildConfiguration;
			buildSettings = {
				ALWAYS_SEARCH_USER_PATHS = NO;
				CLANG_CXX_LANGUAGE_STANDARD = "gnu++0x";
				CLANG_CXX_LIBRARY = "libc++";
				CLANG_ENABLE_MODULES = YES;
				CLANG_ENABLE_OBJC_ARC = YES;
				CLANG_WARN_BOOL_CONVERSION = YES;
				CLANG_WARN_CONSTANT_CONVERSION = YES;
				CLANG_WARN_DIRECT_OBJC_ISA_USAGE = YES_ERROR;
				CLANG_WARN_EMPTY_BODY = YES;
				CLANG_WARN_ENUM_CONVERSION = YES;
				CLANG_WARN_INT_CONVERSION = YES;
				CLANG_WARN_OBJC_ROOT_CLASS = YES_ERROR;
				CLANG_WARN_UNREACHABLE_CODE = YES;
				CLANG_WARN__DUPLICATE_METHOD_MATCH = YES;
				"CODE_SIGN_IDENTITY[sdk=iphoneos*]" = "iPhone Developer";
				COPY_PHASE_STRIP = NO;
				DEBUG_INFORMATION_FORMAT = "dwarf-with-dsym";
				ENABLE_NS_ASSERTIONS = NO;
				ENABLE_STRICT_OBJC_MSGSEND = YES;
				GCC_C_LANGUAGE_STANDARD = gnu99;
				GCC_NO_COMMON_BLOCKS = YES;
				GCC_WARN_64_TO_32_BIT_CONVERSION = YES;
				GCC_WARN_ABOUT_RETURN_TYPE = YES_ERROR;
				GCC_WARN_UNDECLARED_SELECTOR = YES;
				GCC_WARN_UNINITIALIZED_AUTOS = YES_AGGRESSIVE;
				GCC_WARN_UNUSED_FUNCTION = YES;
				GCC_WARN_UNUSED_VARIABLE = YES;
				IPHONEOS_DEPLOYMENT_TARGET = 8.3;
				MTL_ENABLE_DEBUG_INFO = NO;
				SDKROOT = iphoneos;
				VALIDATE_PRODUCT = YES;
			};
			name = Release;
		};
		AFD48DB41B2D41E2001A6C97 /* Debug */ = {
			isa = XCBuildConfiguration;
			buildSettings = {
				ASSETCATALOG_COMPILER_APPICON_NAME = AppIcon;
				INFOPLIST_FILE = PockemonField/Info.plist;
				LD_RUNPATH_SEARCH_PATHS = "$(inherited) @executable_path/Frameworks";
				PRODUCT_NAME = "$(TARGET_NAME)";
			};
			name = Debug;
		};
		AFD48DB51B2D41E2001A6C97 /* Release */ = {
			isa = XCBuildConfiguration;
			buildSettings = {
				ASSETCATALOG_COMPILER_APPICON_NAME = AppIcon;
				INFOPLIST_FILE = PockemonField/Info.plist;
				LD_RUNPATH_SEARCH_PATHS = "$(inherited) @executable_path/Frameworks";
				PRODUCT_NAME = "$(TARGET_NAME)";
			};
			name = Release;
		};
		AFD48DB71B2D41E2001A6C97 /* Debug */ = {
			isa = XCBuildConfiguration;
			buildSettings = {
				BUNDLE_LOADER = "$(TEST_HOST)";
				FRAMEWORK_SEARCH_PATHS = (
					"$(SDKROOT)/Developer/Library/Frameworks",
					"$(inherited)",
				);
				GCC_PREPROCESSOR_DEFINITIONS = (
					"DEBUG=1",
					"$(inherited)",
				);
				INFOPLIST_FILE = PockemonFieldTests/Info.plist;
				LD_RUNPATH_SEARCH_PATHS = "$(inherited) @executable_path/Frameworks @loader_path/Frameworks";
				PRODUCT_NAME = "$(TARGET_NAME)";
				TEST_HOST = "$(BUILT_PRODUCTS_DIR)/PockemonField.app/PockemonField";
			};
			name = Debug;
		};
		AFD48DB81B2D41E2001A6C97 /* Release */ = {
			isa = XCBuildConfiguration;
			buildSettings = {
				BUNDLE_LOADER = "$(TEST_HOST)";
				FRAMEWORK_SEARCH_PATHS = (
					"$(SDKROOT)/Developer/Library/Frameworks",
					"$(inherited)",
				);
				INFOPLIST_FILE = PockemonFieldTests/Info.plist;
				LD_RUNPATH_SEARCH_PATHS = "$(inherited) @executable_path/Frameworks @loader_path/Frameworks";
				PRODUCT_NAME = "$(TARGET_NAME)";
				TEST_HOST = "$(BUILT_PRODUCTS_DIR)/PockemonField.app/PockemonField";
			};
			name = Release;
		};
/* End XCBuildConfiguration section */

/* Begin XCConfigurationList section */
		AFD48D8B1B2D41E2001A6C97 /* Build configuration list for PBXProject "PockemonField" */ = {
			isa = XCConfigurationList;
			buildConfigurations = (
				AFD48DB11B2D41E2001A6C97 /* Debug */,
				AFD48DB21B2D41E2001A6C97 /* Release */,
			);
			defaultConfigurationIsVisible = 0;
			defaultConfigurationName = Release;
		};
		AFD48DB31B2D41E2001A6C97 /* Build configuration list for PBXNativeTarget "PockemonField" */ = {
			isa = XCConfigurationList;
			buildConfigurations = (
				AFD48DB41B2D41E2001A6C97 /* Debug */,
				AFD48DB51B2D41E2001A6C97 /* Release */,
			);
			defaultConfigurationIsVisible = 0;
		};
		AFD48DB61B2D41E2001A6C97 /* Build configuration list for PBXNativeTarget "PockemonFieldTests" */ = {
			isa = XCConfigurationList;
			buildConfigurations = (
				AFD48DB71B2D41E2001A6C97 /* Debug */,
				AFD48DB81B2D41E2001A6C97 /* Release */,
			);
			defaultConfigurationIsVisible = 0;
		};
/* End XCConfigurationList section */
	};
	rootObject = AFD48D881B2D41E2001A6C97 /* Project object */;
}
